
Microsoft Visual Studio Solution File, Format Version 12.00
# Visual Studio 14
VisualStudioVersion = 14.0.25420.1
MinimumVisualStudioVersion = 10.0.40219.1
Project("{FAE04EC0-301F-11D3-BF4B-00C04F79EFBC}") = "MOB.XF.Login.Droid", "MOB.XF.Login\MOB.XF.Login.Droid\MOB.XF.Login.Droid.csproj", "{EA997117-098D-4051-9B9F-C587C4CFD2E3}"
EndProject
Project("{FAE04EC0-301F-11D3-BF4B-00C04F79EFBC}") = "MOB.XF.Login.iOS", "MOB.XF.Login\MOB.XF.Login.iOS\MOB.XF.Login.iOS.csproj", "{3E4FD114-A996-4E7E-A408-4DD1B98203F3}"
EndProject
Project("{FAE04EC0-301F-11D3-BF4B-00C04F79EFBC}") = "MOB.XF.Login.WinPhone", "MOB.XF.Login\MOB.XF.Login.WinPhone\MOB.XF.Login.WinPhone.csproj", "{9B08B1C8-CA80-4BFF-A0F5-7BE946739930}"
EndProject
Project("{FAE04EC0-301F-11D3-BF4B-00C04F79EFBC}") = "MOB.XF.Login.UWP", "MOB.XF.Login\MOB.XF.Login.UWP\MOB.XF.Login.UWP.csproj", "{B7956117-7D11-4ABC-9BB0-5469D849BFEA}"
EndProject
Project("{FAE04EC0-301F-11D3-BF4B-00C04F79EFBC}") = "MOB.XF.Login.Windows", "MOB.XF.Login\MOB.XF.Login.Windows\MOB.XF.Login.Windows.csproj", "{230DFFE8-8EA2-4BF9-8246-6AB53610F089}"
EndProject
Project("{FAE04EC0-301F-11D3-BF4B-00C04F79EFBC}") = "MOB.XF.Login", "MOB.XF.Login\MOB.XF.Login\MOB.XF.Login.csproj", "{C8DBE34D-FC5B-4F45-A7DE-73B9FD2A94CD}"
EndProject
Global
	GlobalSection(SolutionConfigurationPlatforms) = preSolution
		Ad-Hoc|Any CPU = Ad-Hoc|Any CPU
		Ad-Hoc|ARM = Ad-Hoc|ARM
		Ad-Hoc|iPhone = Ad-Hoc|iPhone
		Ad-Hoc|iPhoneSimulator = Ad-Hoc|iPhoneSimulator
		Ad-Hoc|x64 = Ad-Hoc|x64
		Ad-Hoc|x86 = Ad-Hoc|x86
		AppStore|Any CPU = AppStore|Any CPU
		AppStore|ARM = AppStore|ARM
		AppStore|iPhone = AppStore|iPhone
		AppStore|iPhoneSimulator = AppStore|iPhoneSimulator
		AppStore|x64 = AppStore|x64
		AppStore|x86 = AppStore|x86
		Debug|Any CPU = Debug|Any CPU
		Debug|ARM = Debug|ARM
		Debug|iPhone = Debug|iPhone
		Debug|iPhoneSimulator = Debug|iPhoneSimulator
		Debug|x64 = Debug|x64
		Debug|x86 = Debug|x86
		Release|Any CPU = Release|Any CPU
		Release|ARM = Release|ARM
		Release|iPhone = Release|iPhone
		Release|iPhoneSimulator = Release|iPhoneSimulator
		Release|x64 = Release|x64
		Release|x86 = Release|x86
	EndGlobalSection
	GlobalSection(ProjectConfigurationPlatforms) = postSolution
		{EA997117-098D-4051-9B9F-C587C4CFD2E3}.Ad-Hoc|Any CPU.ActiveCfg = Release|Any CPU
		{EA997117-098D-4051-9B9F-C587C4CFD2E3}.Ad-Hoc|Any CPU.Build.0 = Release|Any CPU
		{EA997117-098D-4051-9B9F-C587C4CFD2E3}.Ad-Hoc|Any CPU.Deploy.0 = Release|Any CPU
		{EA997117-098D-4051-9B9F-C587C4CFD2E3}.Ad-Hoc|ARM.ActiveCfg = Release|Any CPU
		{EA997117-098D-4051-9B9F-C587C4CFD2E3}.Ad-Hoc|ARM.Build.0 = Release|Any CPU
		{EA997117-098D-4051-9B9F-C587C4CFD2E3}.Ad-Hoc|ARM.Deploy.0 = Release|Any CPU
		{EA997117-098D-4051-9B9F-C587C4CFD2E3}.Ad-Hoc|iPhone.ActiveCfg = Release|Any CPU
		{EA997117-098D-4051-9B9F-C587C4CFD2E3}.Ad-Hoc|iPhone.Build.0 = Release|Any CPU
		{EA997117-098D-4051-9B9F-C587C4CFD2E3}.Ad-Hoc|iPhone.Deploy.0 = Release|Any CPU
		{EA997117-098D-4051-9B9F-C587C4CFD2E3}.Ad-Hoc|iPhoneSimulator.ActiveCfg = Release|Any CPU
		{EA997117-098D-4051-9B9F-C587C4CFD2E3}.Ad-Hoc|iPhoneSimulator.Build.0 = Release|Any CPU
		{EA997117-098D-4051-9B9F-C587C4CFD2E3}.Ad-Hoc|iPhoneSimulator.Deploy.0 = Release|Any CPU
		{EA997117-098D-4051-9B9F-C587C4CFD2E3}.Ad-Hoc|x64.ActiveCfg = Release|Any CPU
		{EA997117-098D-4051-9B9F-C587C4CFD2E3}.Ad-Hoc|x64.Build.0 = Release|Any CPU
		{EA997117-098D-4051-9B9F-C587C4CFD2E3}.Ad-Hoc|x64.Deploy.0 = Release|Any CPU
		{EA997117-098D-4051-9B9F-C587C4CFD2E3}.Ad-Hoc|x86.ActiveCfg = Release|Any CPU
		{EA997117-098D-4051-9B9F-C587C4CFD2E3}.Ad-Hoc|x86.Build.0 = Release|Any CPU
		{EA997117-098D-4051-9B9F-C587C4CFD2E3}.Ad-Hoc|x86.Deploy.0 = Release|Any CPU
		{EA997117-098D-4051-9B9F-C587C4CFD2E3}.AppStore|Any CPU.ActiveCfg = Release|Any CPU
		{EA997117-098D-4051-9B9F-C587C4CFD2E3}.AppStore|Any CPU.Build.0 = Release|Any CPU
		{EA997117-098D-4051-9B9F-C587C4CFD2E3}.AppStore|Any CPU.Deploy.0 = Release|Any CPU
		{EA997117-098D-4051-9B9F-C587C4CFD2E3}.AppStore|ARM.ActiveCfg = Release|Any CPU
		{EA997117-098D-4051-9B9F-C587C4CFD2E3}.AppStore|ARM.Build.0 = Release|Any CPU
		{EA997117-098D-4051-9B9F-C587C4CFD2E3}.AppStore|ARM.Deploy.0 = Release|Any CPU
		{EA997117-098D-4051-9B9F-C587C4CFD2E3}.AppStore|iPhone.ActiveCfg = Release|Any CPU
		{EA997117-098D-4051-9B9F-C587C4CFD2E3}.AppStore|iPhone.Build.0 = Release|Any CPU
		{EA997117-098D-4051-9B9F-C587C4CFD2E3}.AppStore|iPhone.Deploy.0 = Release|Any CPU
		{EA997117-098D-4051-9B9F-C587C4CFD2E3}.AppStore|iPhoneSimulator.ActiveCfg = Release|Any CPU
		{EA997117-098D-4051-9B9F-C587C4CFD2E3}.AppStore|iPhoneSimulator.Build.0 = Release|Any CPU
		{EA997117-098D-4051-9B9F-C587C4CFD2E3}.AppStore|iPhoneSimulator.Deploy.0 = Release|Any CPU
		{EA997117-098D-4051-9B9F-C587C4CFD2E3}.AppStore|x64.ActiveCfg = Release|Any CPU
		{EA997117-098D-4051-9B9F-C587C4CFD2E3}.AppStore|x64.Build.0 = Release|Any CPU
		{EA997117-098D-4051-9B9F-C587C4CFD2E3}.AppStore|x64.Deploy.0 = Release|Any CPU
		{EA997117-098D-4051-9B9F-C587C4CFD2E3}.AppStore|x86.ActiveCfg = Release|Any CPU
		{EA997117-098D-4051-9B9F-C587C4CFD2E3}.AppStore|x86.Build.0 = Release|Any CPU
		{EA997117-098D-4051-9B9F-C587C4CFD2E3}.AppStore|x86.Deploy.0 = Release|Any CPU
		{EA997117-098D-4051-9B9F-C587C4CFD2E3}.Debug|Any CPU.ActiveCfg = Debug|Any CPU
		{EA997117-098D-4051-9B9F-C587C4CFD2E3}.Debug|Any CPU.Build.0 = Debug|Any CPU
		{EA997117-098D-4051-9B9F-C587C4CFD2E3}.Debug|Any CPU.Deploy.0 = Debug|Any CPU
		{EA997117-098D-4051-9B9F-C587C4CFD2E3}.Debug|ARM.ActiveCfg = Debug|Any CPU
		{EA997117-098D-4051-9B9F-C587C4CFD2E3}.Debug|ARM.Build.0 = Debug|Any CPU
		{EA997117-098D-4051-9B9F-C587C4CFD2E3}.Debug|ARM.Deploy.0 = Debug|Any CPU
		{EA997117-098D-4051-9B9F-C587C4CFD2E3}.Debug|iPhone.ActiveCfg = Debug|Any CPU
		{EA997117-098D-4051-9B9F-C587C4CFD2E3}.Debug|iPhone.Build.0 = Debug|Any CPU
		{EA997117-098D-4051-9B9F-C587C4CFD2E3}.Debug|iPhone.Deploy.0 = Debug|Any CPU
		{EA997117-098D-4051-9B9F-C587C4CFD2E3}.Debug|iPhoneSimulator.ActiveCfg = Debug|Any CPU
		{EA997117-098D-4051-9B9F-C587C4CFD2E3}.Debug|iPhoneSimulator.Build.0 = Debug|Any CPU
		{EA997117-098D-4051-9B9F-C587C4CFD2E3}.Debug|iPhoneSimulator.Deploy.0 = Debug|Any CPU
		{EA997117-098D-4051-9B9F-C587C4CFD2E3}.Debug|x64.ActiveCfg = Debug|Any CPU
		{EA997117-098D-4051-9B9F-C587C4CFD2E3}.Debug|x64.Build.0 = Debug|Any CPU
		{EA997117-098D-4051-9B9F-C587C4CFD2E3}.Debug|x64.Deploy.0 = Debug|Any CPU
		{EA997117-098D-4051-9B9F-C587C4CFD2E3}.Debug|x86.ActiveCfg = Debug|Any CPU
		{EA997117-098D-4051-9B9F-C587C4CFD2E3}.Debug|x86.Build.0 = Debug|Any CPU
		{EA997117-098D-4051-9B9F-C587C4CFD2E3}.Debug|x86.Deploy.0 = Debug|Any CPU
		{EA997117-098D-4051-9B9F-C587C4CFD2E3}.Release|Any CPU.ActiveCfg = Release|Any CPU
		{EA997117-098D-4051-9B9F-C587C4CFD2E3}.Release|Any CPU.Build.0 = Release|Any CPU
		{EA997117-098D-4051-9B9F-C587C4CFD2E3}.Release|Any CPU.Deploy.0 = Release|Any CPU
		{EA997117-098D-4051-9B9F-C587C4CFD2E3}.Release|ARM.ActiveCfg = Release|Any CPU
		{EA997117-098D-4051-9B9F-C587C4CFD2E3}.Release|ARM.Build.0 = Release|Any CPU
		{EA997117-098D-4051-9B9F-C587C4CFD2E3}.Release|ARM.Deploy.0 = Release|Any CPU
		{EA997117-098D-4051-9B9F-C587C4CFD2E3}.Release|iPhone.ActiveCfg = Release|Any CPU
		{EA997117-098D-4051-9B9F-C587C4CFD2E3}.Release|iPhone.Build.0 = Release|Any CPU
		{EA997117-098D-4051-9B9F-C587C4CFD2E3}.Release|iPhone.Deploy.0 = Release|Any CPU
		{EA997117-098D-4051-9B9F-C587C4CFD2E3}.Release|iPhoneSimulator.ActiveCfg = Release|Any CPU
		{EA997117-098D-4051-9B9F-C587C4CFD2E3}.Release|iPhoneSimulator.Build.0 = Release|Any CPU
		{EA997117-098D-4051-9B9F-C587C4CFD2E3}.Release|iPhoneSimulator.Deploy.0 = Release|Any CPU
		{EA997117-098D-4051-9B9F-C587C4CFD2E3}.Release|x64.ActiveCfg = Release|Any CPU
		{EA997117-098D-4051-9B9F-C587C4CFD2E3}.Release|x64.Build.0 = Release|Any CPU
		{EA997117-098D-4051-9B9F-C587C4CFD2E3}.Release|x64.Deploy.0 = Release|Any CPU
		{EA997117-098D-4051-9B9F-C587C4CFD2E3}.Release|x86.ActiveCfg = Release|Any CPU
		{EA997117-098D-4051-9B9F-C587C4CFD2E3}.Release|x86.Build.0 = Release|Any CPU
		{EA997117-098D-4051-9B9F-C587C4CFD2E3}.Release|x86.Deploy.0 = Release|Any CPU
		{3E4FD114-A996-4E7E-A408-4DD1B98203F3}.Ad-Hoc|Any CPU.ActiveCfg = Ad-Hoc|iPhone
		{3E4FD114-A996-4E7E-A408-4DD1B98203F3}.Ad-Hoc|ARM.ActiveCfg = Ad-Hoc|iPhone
		{3E4FD114-A996-4E7E-A408-4DD1B98203F3}.Ad-Hoc|iPhone.ActiveCfg = Ad-Hoc|iPhone
		{3E4FD114-A996-4E7E-A408-4DD1B98203F3}.Ad-Hoc|iPhone.Build.0 = Ad-Hoc|iPhone
		{3E4FD114-A996-4E7E-A408-4DD1B98203F3}.Ad-Hoc|iPhoneSimulator.ActiveCfg = Ad-Hoc|iPhoneSimulator
		{3E4FD114-A996-4E7E-A408-4DD1B98203F3}.Ad-Hoc|iPhoneSimulator.Build.0 = Ad-Hoc|iPhoneSimulator
		{3E4FD114-A996-4E7E-A408-4DD1B98203F3}.Ad-Hoc|x64.ActiveCfg = Ad-Hoc|iPhone
		{3E4FD114-A996-4E7E-A408-4DD1B98203F3}.Ad-Hoc|x86.ActiveCfg = Ad-Hoc|iPhone
		{3E4FD114-A996-4E7E-A408-4DD1B98203F3}.AppStore|Any CPU.ActiveCfg = AppStore|iPhone
		{3E4FD114-A996-4E7E-A408-4DD1B98203F3}.AppStore|ARM.ActiveCfg = AppStore|iPhone
		{3E4FD114-A996-4E7E-A408-4DD1B98203F3}.AppStore|iPhone.ActiveCfg = AppStore|iPhone
		{3E4FD114-A996-4E7E-A408-4DD1B98203F3}.AppStore|iPhone.Build.0 = AppStore|iPhone
		{3E4FD114-A996-4E7E-A408-4DD1B98203F3}.AppStore|iPhoneSimulator.ActiveCfg = AppStore|iPhoneSimulator
		{3E4FD114-A996-4E7E-A408-4DD1B98203F3}.AppStore|iPhoneSimulator.Build.0 = AppStore|iPhoneSimulator
		{3E4FD114-A996-4E7E-A408-4DD1B98203F3}.AppStore|x64.ActiveCfg = AppStore|iPhone
		{3E4FD114-A996-4E7E-A408-4DD1B98203F3}.AppStore|x86.ActiveCfg = AppStore|iPhone
		{3E4FD114-A996-4E7E-A408-4DD1B98203F3}.Debug|Any CPU.ActiveCfg = Debug|iPhone
		{3E4FD114-A996-4E7E-A408-4DD1B98203F3}.Debug|ARM.ActiveCfg = Debug|iPhone
		{3E4FD114-A996-4E7E-A408-4DD1B98203F3}.Debug|iPhone.ActiveCfg = Debug|iPhone
		{3E4FD114-A996-4E7E-A408-4DD1B98203F3}.Debug|iPhone.Build.0 = Debug|iPhone
		{3E4FD114-A996-4E7E-A408-4DD1B98203F3}.Debug|iPhoneSimulator.ActiveCfg = Debug|iPhoneSimulator
		{3E4FD114-A996-4E7E-A408-4DD1B98203F3}.Debug|iPhoneSimulator.Build.0 = Debug|iPhoneSimulator
		{3E4FD114-A996-4E7E-A408-4DD1B98203F3}.Debug|x64.ActiveCfg = Debug|iPhone
		{3E4FD114-A996-4E7E-A408-4DD1B98203F3}.Debug|x86.ActiveCfg = Debug|iPhone
		{3E4FD114-A996-4E7E-A408-4DD1B98203F3}.Release|Any CPU.ActiveCfg = Release|iPhone
		{3E4FD114-A996-4E7E-A408-4DD1B98203F3}.Release|ARM.ActiveCfg = Release|iPhone
		{3E4FD114-A996-4E7E-A408-4DD1B98203F3}.Release|iPhone.ActiveCfg = Release|iPhone
		{3E4FD114-A996-4E7E-A408-4DD1B98203F3}.Release|iPhone.Build.0 = Release|iPhone
		{3E4FD114-A996-4E7E-A408-4DD1B98203F3}.Release|iPhoneSimulator.ActiveCfg = Release|iPhoneSimulator
		{3E4FD114-A996-4E7E-A408-4DD1B98203F3}.Release|iPhoneSimulator.Build.0 = Release|iPhoneSimulator
		{3E4FD114-A996-4E7E-A408-4DD1B98203F3}.Release|x64.ActiveCfg = Release|iPhone
		{3E4FD114-A996-4E7E-A408-4DD1B98203F3}.Release|x86.ActiveCfg = Release|iPhone
		{9B08B1C8-CA80-4BFF-A0F5-7BE946739930}.Ad-Hoc|Any CPU.ActiveCfg = Release|Any CPU
		{9B08B1C8-CA80-4BFF-A0F5-7BE946739930}.Ad-Hoc|Any CPU.Build.0 = Release|Any CPU
		{9B08B1C8-CA80-4BFF-A0F5-7BE946739930}.Ad-Hoc|Any CPU.Deploy.0 = Release|Any CPU
		{9B08B1C8-CA80-4BFF-A0F5-7BE946739930}.Ad-Hoc|ARM.ActiveCfg = Release|ARM
		{9B08B1C8-CA80-4BFF-A0F5-7BE946739930}.Ad-Hoc|ARM.Build.0 = Release|ARM
		{9B08B1C8-CA80-4BFF-A0F5-7BE946739930}.Ad-Hoc|ARM.Deploy.0 = Release|ARM
		{9B08B1C8-CA80-4BFF-A0F5-7BE946739930}.Ad-Hoc|iPhone.ActiveCfg = Release|Any CPU
		{9B08B1C8-CA80-4BFF-A0F5-7BE946739930}.Ad-Hoc|iPhone.Build.0 = Release|Any CPU
		{9B08B1C8-CA80-4BFF-A0F5-7BE946739930}.Ad-Hoc|iPhone.Deploy.0 = Release|Any CPU
		{9B08B1C8-CA80-4BFF-A0F5-7BE946739930}.Ad-Hoc|iPhoneSimulator.ActiveCfg = Release|Any CPU
		{9B08B1C8-CA80-4BFF-A0F5-7BE946739930}.Ad-Hoc|iPhoneSimulator.Build.0 = Release|Any CPU
		{9B08B1C8-CA80-4BFF-A0F5-7BE946739930}.Ad-Hoc|iPhoneSimulator.Deploy.0 = Release|Any CPU
		{9B08B1C8-CA80-4BFF-A0F5-7BE946739930}.Ad-Hoc|x64.ActiveCfg = Release|Any CPU
		{9B08B1C8-CA80-4BFF-A0F5-7BE946739930}.Ad-Hoc|x64.Build.0 = Release|Any CPU
		{9B08B1C8-CA80-4BFF-A0F5-7BE946739930}.Ad-Hoc|x64.Deploy.0 = Release|Any CPU
		{9B08B1C8-CA80-4BFF-A0F5-7BE946739930}.Ad-Hoc|x86.ActiveCfg = Release|x86
		{9B08B1C8-CA80-4BFF-A0F5-7BE946739930}.Ad-Hoc|x86.Build.0 = Release|x86
		{9B08B1C8-CA80-4BFF-A0F5-7BE946739930}.Ad-Hoc|x86.Deploy.0 = Release|x86
		{9B08B1C8-CA80-4BFF-A0F5-7BE946739930}.AppStore|Any CPU.ActiveCfg = Release|Any CPU
		{9B08B1C8-CA80-4BFF-A0F5-7BE946739930}.AppStore|Any CPU.Build.0 = Release|Any CPU
		{9B08B1C8-CA80-4BFF-A0F5-7BE946739930}.AppStore|Any CPU.Deploy.0 = Release|Any CPU
		{9B08B1C8-CA80-4BFF-A0F5-7BE946739930}.AppStore|ARM.ActiveCfg = Release|ARM
		{9B08B1C8-CA80-4BFF-A0F5-7BE946739930}.AppStore|ARM.Build.0 = Release|ARM
		{9B08B1C8-CA80-4BFF-A0F5-7BE946739930}.AppStore|ARM.Deploy.0 = Release|ARM
		{9B08B1C8-CA80-4BFF-A0F5-7BE946739930}.AppStore|iPhone.ActiveCfg = Release|Any CPU
		{9B08B1C8-CA80-4BFF-A0F5-7BE946739930}.AppStore|iPhone.Build.0 = Release|Any CPU
		{9B08B1C8-CA80-4BFF-A0F5-7BE946739930}.AppStore|iPhone.Deploy.0 = Release|Any CPU
		{9B08B1C8-CA80-4BFF-A0F5-7BE946739930}.AppStore|iPhoneSimulator.ActiveCfg = Release|Any CPU
		{9B08B1C8-CA80-4BFF-A0F5-7BE946739930}.AppStore|iPhoneSimulator.Build.0 = Release|Any CPU
		{9B08B1C8-CA80-4BFF-A0F5-7BE946739930}.AppStore|iPhoneSimulator.Deploy.0 = Release|Any CPU
		{9B08B1C8-CA80-4BFF-A0F5-7BE946739930}.AppStore|x64.ActiveCfg = Release|Any CPU
		{9B08B1C8-CA80-4BFF-A0F5-7BE946739930}.AppStore|x64.Build.0 = Release|Any CPU
		{9B08B1C8-CA80-4BFF-A0F5-7BE946739930}.AppStore|x64.Deploy.0 = Release|Any CPU
		{9B08B1C8-CA80-4BFF-A0F5-7BE946739930}.AppStore|x86.ActiveCfg = Release|x86
		{9B08B1C8-CA80-4BFF-A0F5-7BE946739930}.AppStore|x86.Build.0 = Release|x86
		{9B08B1C8-CA80-4BFF-A0F5-7BE946739930}.AppStore|x86.Deploy.0 = Release|x86
		{9B08B1C8-CA80-4BFF-A0F5-7BE946739930}.Debug|Any CPU.ActiveCfg = Debug|Any CPU
		{9B08B1C8-CA80-4BFF-A0F5-7BE946739930}.Debug|Any CPU.Build.0 = Debug|Any CPU
		{9B08B1C8-CA80-4BFF-A0F5-7BE946739930}.Debug|Any CPU.Deploy.0 = Debug|Any CPU
		{9B08B1C8-CA80-4BFF-A0F5-7BE946739930}.Debug|ARM.ActiveCfg = Debug|ARM
		{9B08B1C8-CA80-4BFF-A0F5-7BE946739930}.Debug|ARM.Build.0 = Debug|ARM
		{9B08B1C8-CA80-4BFF-A0F5-7BE946739930}.Debug|ARM.Deploy.0 = Debug|ARM
		{9B08B1C8-CA80-4BFF-A0F5-7BE946739930}.Debug|iPhone.ActiveCfg = Debug|Any CPU
		{9B08B1C8-CA80-4BFF-A0F5-7BE946739930}.Debug|iPhone.Build.0 = Debug|Any CPU
		{9B08B1C8-CA80-4BFF-A0F5-7BE946739930}.Debug|iPhone.Deploy.0 = Debug|Any CPU
		{9B08B1C8-CA80-4BFF-A0F5-7BE946739930}.Debug|iPhoneSimulator.ActiveCfg = Debug|Any CPU
		{9B08B1C8-CA80-4BFF-A0F5-7BE946739930}.Debug|iPhoneSimulator.Build.0 = Debug|Any CPU
		{9B08B1C8-CA80-4BFF-A0F5-7BE946739930}.Debug|iPhoneSimulator.Deploy.0 = Debug|Any CPU
		{9B08B1C8-CA80-4BFF-A0F5-7BE946739930}.Debug|x64.ActiveCfg = Debug|Any CPU
		{9B08B1C8-CA80-4BFF-A0F5-7BE946739930}.Debug|x64.Build.0 = Debug|Any CPU
		{9B08B1C8-CA80-4BFF-A0F5-7BE946739930}.Debug|x64.Deploy.0 = Debug|Any CPU
		{9B08B1C8-CA80-4BFF-A0F5-7BE946739930}.Debug|x86.ActiveCfg = Debug|x86
		{9B08B1C8-CA80-4BFF-A0F5-7BE946739930}.Debug|x86.Build.0 = Debug|x86
		{9B08B1C8-CA80-4BFF-A0F5-7BE946739930}.Debug|x86.Deploy.0 = Debug|x86
		{9B08B1C8-CA80-4BFF-A0F5-7BE946739930}.Release|Any CPU.ActiveCfg = Release|Any CPU
		{9B08B1C8-CA80-4BFF-A0F5-7BE946739930}.Release|Any CPU.Build.0 = Release|Any CPU
		{9B08B1C8-CA80-4BFF-A0F5-7BE946739930}.Release|Any CPU.Deploy.0 = Release|Any CPU
		{9B08B1C8-CA80-4BFF-A0F5-7BE946739930}.Release|ARM.ActiveCfg = Release|ARM
		{9B08B1C8-CA80-4BFF-A0F5-7BE946739930}.Release|ARM.Build.0 = Release|ARM
		{9B08B1C8-CA80-4BFF-A0F5-7BE946739930}.Release|ARM.Deploy.0 = Release|ARM
		{9B08B1C8-CA80-4BFF-A0F5-7BE946739930}.Release|iPhone.ActiveCfg = Release|Any CPU
		{9B08B1C8-CA80-4BFF-A0F5-7BE946739930}.Release|iPhone.Build.0 = Release|Any CPU
		{9B08B1C8-CA80-4BFF-A0F5-7BE946739930}.Release|iPhone.Deploy.0 = Release|Any CPU
		{9B08B1C8-CA80-4BFF-A0F5-7BE946739930}.Release|iPhoneSimulator.ActiveCfg = Release|Any CPU
		{9B08B1C8-CA80-4BFF-A0F5-7BE946739930}.Release|iPhoneSimulator.Build.0 = Release|Any CPU
		{9B08B1C8-CA80-4BFF-A0F5-7BE946739930}.Release|iPhoneSimulator.Deploy.0 = Release|Any CPU
		{9B08B1C8-CA80-4BFF-A0F5-7BE946739930}.Release|x64.ActiveCfg = Release|Any CPU
		{9B08B1C8-CA80-4BFF-A0F5-7BE946739930}.Release|x64.Build.0 = Release|Any CPU
		{9B08B1C8-CA80-4BFF-A0F5-7BE946739930}.Release|x64.Deploy.0 = Release|Any CPU
		{9B08B1C8-CA80-4BFF-A0F5-7BE946739930}.Release|x86.ActiveCfg = Release|x86
		{9B08B1C8-CA80-4BFF-A0F5-7BE946739930}.Release|x86.Build.0 = Release|x86
		{9B08B1C8-CA80-4BFF-A0F5-7BE946739930}.Release|x86.Deploy.0 = Release|x86
		{B7956117-7D11-4ABC-9BB0-5469D849BFEA}.Ad-Hoc|Any CPU.ActiveCfg = Release|x86
		{B7956117-7D11-4ABC-9BB0-5469D849BFEA}.Ad-Hoc|Any CPU.Build.0 = Release|x86
		{B7956117-7D11-4ABC-9BB0-5469D849BFEA}.Ad-Hoc|Any CPU.Deploy.0 = Release|x86
		{B7956117-7D11-4ABC-9BB0-5469D849BFEA}.Ad-Hoc|ARM.ActiveCfg = Release|ARM
		{B7956117-7D11-4ABC-9BB0-5469D849BFEA}.Ad-Hoc|ARM.Build.0 = Release|ARM
		{B7956117-7D11-4ABC-9BB0-5469D849BFEA}.Ad-Hoc|ARM.Deploy.0 = Release|ARM
		{B7956117-7D11-4ABC-9BB0-5469D849BFEA}.Ad-Hoc|iPhone.ActiveCfg = Release|x86
		{B7956117-7D11-4ABC-9BB0-5469D849BFEA}.Ad-Hoc|iPhone.Build.0 = Release|x86
		{B7956117-7D11-4ABC-9BB0-5469D849BFEA}.Ad-Hoc|iPhone.Deploy.0 = Release|x86
		{B7956117-7D11-4ABC-9BB0-5469D849BFEA}.Ad-Hoc|iPhoneSimulator.ActiveCfg = Release|x86
		{B7956117-7D11-4ABC-9BB0-5469D849BFEA}.Ad-Hoc|iPhoneSimulator.Build.0 = Release|x86
		{B7956117-7D11-4ABC-9BB0-5469D849BFEA}.Ad-Hoc|iPhoneSimulator.Deploy.0 = Release|x86
		{B7956117-7D11-4ABC-9BB0-5469D849BFEA}.Ad-Hoc|x64.ActiveCfg = Release|x64
		{B7956117-7D11-4ABC-9BB0-5469D849BFEA}.Ad-Hoc|x64.Build.0 = Release|x64
		{B7956117-7D11-4ABC-9BB0-5469D849BFEA}.Ad-Hoc|x64.Deploy.0 = Release|x64
		{B7956117-7D11-4ABC-9BB0-5469D849BFEA}.Ad-Hoc|x86.ActiveCfg = Release|x86
		{B7956117-7D11-4ABC-9BB0-5469D849BFEA}.Ad-Hoc|x86.Build.0 = Release|x86
		{B7956117-7D11-4ABC-9BB0-5469D849BFEA}.Ad-Hoc|x86.Deploy.0 = Release|x86
		{B7956117-7D11-4ABC-9BB0-5469D849BFEA}.AppStore|Any CPU.ActiveCfg = Release|x86
		{B7956117-7D11-4ABC-9BB0-5469D849BFEA}.AppStore|Any CPU.Build.0 = Release|x86
		{B7956117-7D11-4ABC-9BB0-5469D849BFEA}.AppStore|Any CPU.Deploy.0 = Release|x86
		{B7956117-7D11-4ABC-9BB0-5469D849BFEA}.AppStore|ARM.ActiveCfg = Release|ARM
		{B7956117-7D11-4ABC-9BB0-5469D849BFEA}.AppStore|ARM.Build.0 = Release|ARM
		{B7956117-7D11-4ABC-9BB0-5469D849BFEA}.AppStore|ARM.Deploy.0 = Release|ARM
		{B7956117-7D11-4ABC-9BB0-5469D849BFEA}.AppStore|iPhone.ActiveCfg = Release|x86
		{B7956117-7D11-4ABC-9BB0-5469D849BFEA}.AppStore|iPhone.Build.0 = Release|x86
		{B7956117-7D11-4ABC-9BB0-5469D849BFEA}.AppStore|iPhone.Deploy.0 = Release|x86
		{B7956117-7D11-4ABC-9BB0-5469D849BFEA}.AppStore|iPhoneSimulator.ActiveCfg = Release|x86
		{B7956117-7D11-4ABC-9BB0-5469D849BFEA}.AppStore|iPhoneSimulator.Build.0 = Release|x86
		{B7956117-7D11-4ABC-9BB0-5469D849BFEA}.AppStore|iPhoneSimulator.Deploy.0 = Release|x86
		{B7956117-7D11-4ABC-9BB0-5469D849BFEA}.AppStore|x64.ActiveCfg = Release|x64
		{B7956117-7D11-4ABC-9BB0-5469D849BFEA}.AppStore|x64.Build.0 = Release|x64
		{B7956117-7D11-4ABC-9BB0-5469D849BFEA}.AppStore|x64.Deploy.0 = Release|x64
		{B7956117-7D11-4ABC-9BB0-5469D849BFEA}.AppStore|x86.ActiveCfg = Release|x86
		{B7956117-7D11-4ABC-9BB0-5469D849BFEA}.AppStore|x86.Build.0 = Release|x86
		{B7956117-7D11-4ABC-9BB0-5469D849BFEA}.AppStore|x86.Deploy.0 = Release|x86
		{B7956117-7D11-4ABC-9BB0-5469D849BFEA}.Debug|Any CPU.ActiveCfg = Debug|x86
		{B7956117-7D11-4ABC-9BB0-5469D849BFEA}.Debug|ARM.ActiveCfg = Debug|ARM
		{B7956117-7D11-4ABC-9BB0-5469D849BFEA}.Debug|ARM.Build.0 = Debug|ARM
		{B7956117-7D11-4ABC-9BB0-5469D849BFEA}.Debug|ARM.Deploy.0 = Debug|ARM
		{B7956117-7D11-4ABC-9BB0-5469D849BFEA}.Debug|iPhone.ActiveCfg = Debug|x86
		{B7956117-7D11-4ABC-9BB0-5469D849BFEA}.Debug|iPhoneSimulator.ActiveCfg = Debug|x86
		{B7956117-7D11-4ABC-9BB0-5469D849BFEA}.Debug|x64.ActiveCfg = Debug|x64
		{B7956117-7D11-4ABC-9BB0-5469D849BFEA}.Debug|x64.Build.0 = Debug|x64
		{B7956117-7D11-4ABC-9BB0-5469D849BFEA}.Debug|x64.Deploy.0 = Debug|x64
		{B7956117-7D11-4ABC-9BB0-5469D849BFEA}.Debug|x86.ActiveCfg = Debug|x86
		{B7956117-7D11-4ABC-9BB0-5469D849BFEA}.Debug|x86.Build.0 = Debug|x86
		{B7956117-7D11-4ABC-9BB0-5469D849BFEA}.Debug|x86.Deploy.0 = Debug|x86
		{B7956117-7D11-4ABC-9BB0-5469D849BFEA}.Release|Any CPU.ActiveCfg = Release|x86
		{B7956117-7D11-4ABC-9BB0-5469D849BFEA}.Release|ARM.ActiveCfg = Release|ARM
		{B7956117-7D11-4ABC-9BB0-5469D849BFEA}.Release|ARM.Build.0 = Release|ARM
		{B7956117-7D11-4ABC-9BB0-5469D849BFEA}.Release|ARM.Deploy.0 = Release|ARM
		{B7956117-7D11-4ABC-9BB0-5469D849BFEA}.Release|iPhone.ActiveCfg = Release|x86
		{B7956117-7D11-4ABC-9BB0-5469D849BFEA}.Release|iPhoneSimulator.ActiveCfg = Release|x86
		{B7956117-7D11-4ABC-9BB0-5469D849BFEA}.Release|x64.ActiveCfg = Release|x64
		{B7956117-7D11-4ABC-9BB0-5469D849BFEA}.Release|x64.Build.0 = Release|x64
		{B7956117-7D11-4ABC-9BB0-5469D849BFEA}.Release|x64.Deploy.0 = Release|x64
		{B7956117-7D11-4ABC-9BB0-5469D849BFEA}.Release|x86.ActiveCfg = Release|x86
		{B7956117-7D11-4ABC-9BB0-5469D849BFEA}.Release|x86.Build.0 = Release|x86
		{B7956117-7D11-4ABC-9BB0-5469D849BFEA}.Release|x86.Deploy.0 = Release|x86
		{230DFFE8-8EA2-4BF9-8246-6AB53610F089}.Ad-Hoc|Any CPU.ActiveCfg = Release|Any CPU
		{230DFFE8-8EA2-4BF9-8246-6AB53610F089}.Ad-Hoc|Any CPU.Build.0 = Release|Any CPU
		{230DFFE8-8EA2-4BF9-8246-6AB53610F089}.Ad-Hoc|Any CPU.Deploy.0 = Release|Any CPU
		{230DFFE8-8EA2-4BF9-8246-6AB53610F089}.Ad-Hoc|ARM.ActiveCfg = Release|ARM
		{230DFFE8-8EA2-4BF9-8246-6AB53610F089}.Ad-Hoc|ARM.Build.0 = Release|ARM
		{230DFFE8-8EA2-4BF9-8246-6AB53610F089}.Ad-Hoc|ARM.Deploy.0 = Release|ARM
		{230DFFE8-8EA2-4BF9-8246-6AB53610F089}.Ad-Hoc|iPhone.ActiveCfg = Release|Any CPU
		{230DFFE8-8EA2-4BF9-8246-6AB53610F089}.Ad-Hoc|iPhone.Build.0 = Release|Any CPU
		{230DFFE8-8EA2-4BF9-8246-6AB53610F089}.Ad-Hoc|iPhone.Deploy.0 = Release|Any CPU
		{230DFFE8-8EA2-4BF9-8246-6AB53610F089}.Ad-Hoc|iPhoneSimulator.ActiveCfg = Release|Any CPU
		{230DFFE8-8EA2-4BF9-8246-6AB53610F089}.Ad-Hoc|iPhoneSimulator.Build.0 = Release|Any CPU
		{230DFFE8-8EA2-4BF9-8246-6AB53610F089}.Ad-Hoc|iPhoneSimulator.Deploy.0 = Release|Any CPU
		{230DFFE8-8EA2-4BF9-8246-6AB53610F089}.Ad-Hoc|x64.ActiveCfg = Release|x64
		{230DFFE8-8EA2-4BF9-8246-6AB53610F089}.Ad-Hoc|x64.Build.0 = Release|x64
		{230DFFE8-8EA2-4BF9-8246-6AB53610F089}.Ad-Hoc|x64.Deploy.0 = Release|x64
		{230DFFE8-8EA2-4BF9-8246-6AB53610F089}.Ad-Hoc|x86.ActiveCfg = Release|x86
		{230DFFE8-8EA2-4BF9-8246-6AB53610F089}.Ad-Hoc|x86.Build.0 = Release|x86
		{230DFFE8-8EA2-4BF9-8246-6AB53610F089}.Ad-Hoc|x86.Deploy.0 = Release|x86
		{230DFFE8-8EA2-4BF9-8246-6AB53610F089}.AppStore|Any CPU.ActiveCfg = Release|Any CPU
		{230DFFE8-8EA2-4BF9-8246-6AB53610F089}.AppStore|Any CPU.Build.0 = Release|Any CPU
		{230DFFE8-8EA2-4BF9-8246-6AB53610F089}.AppStore|Any CPU.Deploy.0 = Release|Any CPU
		{230DFFE8-8EA2-4BF9-8246-6AB53610F089}.AppStore|ARM.ActiveCfg = Release|ARM
		{230DFFE8-8EA2-4BF9-8246-6AB53610F089}.AppStore|ARM.Build.0 = Release|ARM
		{230DFFE8-8EA2-4BF9-8246-6AB53610F089}.AppStore|ARM.Deploy.0 = Release|ARM
		{230DFFE8-8EA2-4BF9-8246-6AB53610F089}.AppStore|iPhone.ActiveCfg = Release|Any CPU
		{230DFFE8-8EA2-4BF9-8246-6AB53610F089}.AppStore|iPhone.Build.0 = Release|Any CPU
		{230DFFE8-8EA2-4BF9-8246-6AB53610F089}.AppStore|iPhone.Deploy.0 = Release|Any CPU
		{230DFFE8-8EA2-4BF9-8246-6AB53610F089}.AppStore|iPhoneSimulator.ActiveCfg = Release|Any CPU
		{230DFFE8-8EA2-4BF9-8246-6AB53610F089}.AppStore|iPhoneSimulator.Build.0 = Release|Any CPU
		{230DFFE8-8EA2-4BF9-8246-6AB53610F089}.AppStore|iPhoneSimulator.Deploy.0 = Release|Any CPU
		{230DFFE8-8EA2-4BF9-8246-6AB53610F089}.AppStore|x64.ActiveCfg = Release|x64
		{230DFFE8-8EA2-4BF9-8246-6AB53610F089}.AppStore|x64.Build.0 = Release|x64
		{230DFFE8-8EA2-4BF9-8246-6AB53610F089}.AppStore|x64.Deploy.0 = Release|x64
		{230DFFE8-8EA2-4BF9-8246-6AB53610F089}.AppStore|x86.ActiveCfg = Release|x86
		{230DFFE8-8EA2-4BF9-8246-6AB53610F089}.AppStore|x86.Build.0 = Release|x86
		{230DFFE8-8EA2-4BF9-8246-6AB53610F089}.AppStore|x86.Deploy.0 = Release|x86
		{230DFFE8-8EA2-4BF9-8246-6AB53610F089}.Debug|Any CPU.ActiveCfg = Debug|Any CPU
		{230DFFE8-8EA2-4BF9-8246-6AB53610F089}.Debug|Any CPU.Build.0 = Debug|Any CPU
		{230DFFE8-8EA2-4BF9-8246-6AB53610F089}.Debug|Any CPU.Deploy.0 = Debug|Any CPU
		{230DFFE8-8EA2-4BF9-8246-6AB53610F089}.Debug|ARM.ActiveCfg = Debug|ARM
		{230DFFE8-8EA2-4BF9-8246-6AB53610F089}.Debug|ARM.Build.0 = Debug|ARM
		{230DFFE8-8EA2-4BF9-8246-6AB53610F089}.Debug|ARM.Deploy.0 = Debug|ARM
		{230DFFE8-8EA2-4BF9-8246-6AB53610F089}.Debug|iPhone.ActiveCfg = Debug|Any CPU
		{230DFFE8-8EA2-4BF9-8246-6AB53610F089}.Debug|iPhone.Build.0 = Debug|Any CPU
		{230DFFE8-8EA2-4BF9-8246-6AB53610F089}.Debug|iPhone.Deploy.0 = Debug|Any CPU
		{230DFFE8-8EA2-4BF9-8246-6AB53610F089}.Debug|iPhoneSimulator.ActiveCfg = Debug|Any CPU
		{230DFFE8-8EA2-4BF9-8246-6AB53610F089}.Debug|iPhoneSimulator.Build.0 = Debug|Any CPU
		{230DFFE8-8EA2-4BF9-8246-6AB53610F089}.Debug|iPhoneSimulator.Deploy.0 = Debug|Any CPU
		{230DFFE8-8EA2-4BF9-8246-6AB53610F089}.Debug|x64.ActiveCfg = Debug|x64
		{230DFFE8-8EA2-4BF9-8246-6AB53610F089}.Debug|x64.Build.0 = Debug|x64
		{230DFFE8-8EA2-4BF9-8246-6AB53610F089}.Debug|x64.Deploy.0 = Debug|x64
		{230DFFE8-8EA2-4BF9-8246-6AB53610F089}.Debug|x86.ActiveCfg = Debug|x86
		{230DFFE8-8EA2-4BF9-8246-6AB53610F089}.Debug|x86.Build.0 = Debug|x86
		{230DFFE8-8EA2-4BF9-8246-6AB53610F089}.Debug|x86.Deploy.0 = Debug|x86
		{230DFFE8-8EA2-4BF9-8246-6AB53610F089}.Release|Any CPU.ActiveCfg = Release|Any CPU
		{230DFFE8-8EA2-4BF9-8246-6AB53610F089}.Release|Any CPU.Build.0 = Release|Any CPU
		{230DFFE8-8EA2-4BF9-8246-6AB53610F089}.Release|Any CPU.Deploy.0 = Release|Any CPU
		{230DFFE8-8EA2-4BF9-8246-6AB53610F089}.Release|ARM.ActiveCfg = Release|ARM
		{230DFFE8-8EA2-4BF9-8246-6AB53610F089}.Release|ARM.Build.0 = Release|ARM
		{230DFFE8-8EA2-4BF9-8246-6AB53610F089}.Release|ARM.Deploy.0 = Release|ARM
		{230DFFE8-8EA2-4BF9-8246-6AB53610F089}.Release|iPhone.ActiveCfg = Release|Any CPU
		{230DFFE8-8EA2-4BF9-8246-6AB53610F089}.Release|iPhone.Build.0 = Release|Any CPU
		{230DFFE8-8EA2-4BF9-8246-6AB53610F089}.Release|iPhone.Deploy.0 = Release|Any CPU
		{230DFFE8-8EA2-4BF9-8246-6AB53610F089}.Release|iPhoneSimulator.ActiveCfg = Release|Any CPU
		{230DFFE8-8EA2-4BF9-8246-6AB53610F089}.Release|iPhoneSimulator.Build.0 = Release|Any CPU
		{230DFFE8-8EA2-4BF9-8246-6AB53610F089}.Release|iPhoneSimulator.Deploy.0 = Release|Any CPU
		{230DFFE8-8EA2-4BF9-8246-6AB53610F089}.Release|x64.ActiveCfg = Release|x64
		{230DFFE8-8EA2-4BF9-8246-6AB53610F089}.Release|x64.Build.0 = Release|x64
		{230DFFE8-8EA2-4BF9-8246-6AB53610F089}.Release|x64.Deploy.0 = Release|x64
		{230DFFE8-8EA2-4BF9-8246-6AB53610F089}.Release|x86.ActiveCfg = Release|x86
		{230DFFE8-8EA2-4BF9-8246-6AB53610F089}.Release|x86.Build.0 = Release|x86
		{230DFFE8-8EA2-4BF9-8246-6AB53610F089}.Release|x86.Deploy.0 = Release|x86
		{C8DBE34D-FC5B-4F45-A7DE-73B9FD2A94CD}.Ad-Hoc|Any CPU.ActiveCfg = Release|Any CPU
		{C8DBE34D-FC5B-4F45-A7DE-73B9FD2A94CD}.Ad-Hoc|Any CPU.Build.0 = Release|Any CPU
		{C8DBE34D-FC5B-4F45-A7DE-73B9FD2A94CD}.Ad-Hoc|ARM.ActiveCfg = Release|Any CPU
		{C8DBE34D-FC5B-4F45-A7DE-73B9FD2A94CD}.Ad-Hoc|ARM.Build.0 = Release|Any CPU
		{C8DBE34D-FC5B-4F45-A7DE-73B9FD2A94CD}.Ad-Hoc|iPhone.ActiveCfg = Release|Any CPU
		{C8DBE34D-FC5B-4F45-A7DE-73B9FD2A94CD}.Ad-Hoc|iPhone.Build.0 = Release|Any CPU
		{C8DBE34D-FC5B-4F45-A7DE-73B9FD2A94CD}.Ad-Hoc|iPhoneSimulator.ActiveCfg = Release|Any CPU
		{C8DBE34D-FC5B-4F45-A7DE-73B9FD2A94CD}.Ad-Hoc|iPhoneSimulator.Build.0 = Release|Any CPU
		{C8DBE34D-FC5B-4F45-A7DE-73B9FD2A94CD}.Ad-Hoc|x64.ActiveCfg = Release|Any CPU
		{C8DBE34D-FC5B-4F45-A7DE-73B9FD2A94CD}.Ad-Hoc|x64.Build.0 = Release|Any CPU
		{C8DBE34D-FC5B-4F45-A7DE-73B9FD2A94CD}.Ad-Hoc|x86.ActiveCfg = Release|Any CPU
		{C8DBE34D-FC5B-4F45-A7DE-73B9FD2A94CD}.Ad-Hoc|x86.Build.0 = Release|Any CPU
		{C8DBE34D-FC5B-4F45-A7DE-73B9FD2A94CD}.AppStore|Any CPU.ActiveCfg = Release|Any CPU
		{C8DBE34D-FC5B-4F45-A7DE-73B9FD2A94CD}.AppStore|Any CPU.Build.0 = Release|Any CPU
		{C8DBE34D-FC5B-4F45-A7DE-73B9FD2A94CD}.AppStore|ARM.ActiveCfg = Release|Any CPU
		{C8DBE34D-FC5B-4F45-A7DE-73B9FD2A94CD}.AppStore|ARM.Build.0 = Release|Any CPU
		{C8DBE34D-FC5B-4F45-A7DE-73B9FD2A94CD}.AppStore|iPhone.ActiveCfg = Release|Any CPU
		{C8DBE34D-FC5B-4F45-A7DE-73B9FD2A94CD}.AppStore|iPhone.Build.0 = Release|Any CPU
		{C8DBE34D-FC5B-4F45-A7DE-73B9FD2A94CD}.AppStore|iPhoneSimulator.ActiveCfg = Release|Any CPU
		{C8DBE34D-FC5B-4F45-A7DE-73B9FD2A94CD}.AppStore|iPhoneSimulator.Build.0 = Release|Any CPU
		{C8DBE34D-FC5B-4F45-A7DE-73B9FD2A94CD}.AppStore|x64.ActiveCfg = Release|Any CPU
		{C8DBE34D-FC5B-4F45-A7DE-73B9FD2A94CD}.AppStore|x64.Build.0 = Release|Any CPU
		{C8DBE34D-FC5B-4F45-A7DE-73B9FD2A94CD}.AppStore|x86.ActiveCfg = Release|Any CPU
		{C8DBE34D-FC5B-4F45-A7DE-73B9FD2A94CD}.AppStore|x86.Build.0 = Release|Any CPU
		{C8DBE34D-FC5B-4F45-A7DE-73B9FD2A94CD}.Debug|Any CPU.ActiveCfg = Debug|Any CPU
		{C8DBE34D-FC5B-4F45-A7DE-73B9FD2A94CD}.Debug|Any CPU.Build.0 = Debug|Any CPU
		{C8DBE34D-FC5B-4F45-A7DE-73B9FD2A94CD}.Debug|ARM.ActiveCfg = Debug|Any CPU
		{C8DBE34D-FC5B-4F45-A7DE-73B9FD2A94CD}.Debug|ARM.Build.0 = Debug|Any CPU
		{C8DBE34D-FC5B-4F45-A7DE-73B9FD2A94CD}.Debug|iPhone.ActiveCfg = Debug|Any CPU
		{C8DBE34D-FC5B-4F45-A7DE-73B9FD2A94CD}.Debug|iPhone.Build.0 = Debug|Any CPU
		{C8DBE34D-FC5B-4F45-A7DE-73B9FD2A94CD}.Debug|iPhoneSimulator.ActiveCfg = Debug|Any CPU
		{C8DBE34D-FC5B-4F45-A7DE-73B9FD2A94CD}.Debug|iPhoneSimulator.Build.0 = Debug|Any CPU
		{C8DBE34D-FC5B-4F45-A7DE-73B9FD2A94CD}.Debug|x64.ActiveCfg = Debug|Any CPU
		{C8DBE34D-FC5B-4F45-A7DE-73B9FD2A94CD}.Debug|x64.Build.0 = Debug|Any CPU
		{C8DBE34D-FC5B-4F45-A7DE-73B9FD2A94CD}.Debug|x86.ActiveCfg = Debug|Any CPU
		{C8DBE34D-FC5B-4F45-A7DE-73B9FD2A94CD}.Debug|x86.Build.0 = Debug|Any CPU
		{C8DBE34D-FC5B-4F45-A7DE-73B9FD2A94CD}.Release|Any CPU.ActiveCfg = Release|Any CPU
		{C8DBE34D-FC5B-4F45-A7DE-73B9FD2A94CD}.Release|Any CPU.Build.0 = Release|Any CPU
		{C8DBE34D-FC5B-4F45-A7DE-73B9FD2A94CD}.Release|ARM.ActiveCfg = Release|Any CPU
		{C8DBE34D-FC5B-4F45-A7DE-73B9FD2A94CD}.Release|ARM.Build.0 = Release|Any CPU
		{C8DBE34D-FC5B-4F45-A7DE-73B9FD2A94CD}.Release|iPhone.ActiveCfg = Release|Any CPU
		{C8DBE34D-FC5B-4F45-A7DE-73B9FD2A94CD}.Release|iPhone.Build.0 = Release|Any CPU
		{C8DBE34D-FC5B-4F45-A7DE-73B9FD2A94CD}.Release|iPhoneSimulator.ActiveCfg = Release|Any CPU
		{C8DBE34D-FC5B-4F45-A7DE-73B9FD2A94CD}.Release|iPhoneSimulator.Build.0 = Release|Any CPU
		{C8DBE34D-FC5B-4F45-A7DE-73B9FD2A94CD}.Release|x64.ActiveCfg = Release|Any CPU
		{C8DBE34D-FC5B-4F45-A7DE-73B9FD2A94CD}.Release|x64.Build.0 = Release|Any CPU
		{C8DBE34D-FC5B-4F45-A7DE-73B9FD2A94CD}.Release|x86.ActiveCfg = Release|Any CPU
		{C8DBE34D-FC5B-4F45-A7DE-73B9FD2A94CD}.Release|x86.Build.0 = Release|Any CPU
	EndGlobalSection
	GlobalSection(SolutionProperties) = preSolution
		HideSolutionNode = FALSE
	EndGlobalSection
EndGlobal
